
Microsoft Visual Studio Solution File, Format Version 12.00
# Visual Studio Version 17
VisualStudioVersion = 17.6.33801.468
MinimumVisualStudioVersion = 10.0.40219.1
Project("{FAE04EC0-301F-11D3-BF4B-00C04F79EFBC}") = "AppEscola", "AppEscola\AppEscola.csproj", "{DD2C26EB-7580-44A9-95DA-B32C4251D49A}"
EndProject
Global
	GlobalSection(SolutionConfigurationPlatforms) = preSolution
		Debug|Any CPU = Debug|Any CPU
		Release|Any CPU = Release|Any CPU
	EndGlobalSection
	GlobalSection(ProjectConfigurationPlatforms) = postSolution
		{DD2C26EB-7580-44A9-95DA-B32C4251D49A}.Debug|Any CPU.ActiveCfg = Debug|Any CPU
		{DD2C26EB-7580-44A9-95DA-B32C4251D49A}.Debug|Any CPU.Build.0 = Debug|Any CPU
		{DD2C26EB-7580-44A9-95DA-B32C4251D49A}.Release|Any CPU.ActiveCfg = Release|Any CPU
		{DD2C26EB-7580-44A9-95DA-B32C4251D49A}.Release|Any CPU.Build.0 = Release|Any CPU
	EndGlobalSection
	GlobalSection(SolutionProperties) = preSolution
		HideSolutionNode = FALSE
	EndGlobalSection
	GlobalSection(ExtensibilityGlobals) = postSolution
		SolutionGuid = {F6FE8735-6750-4B70-AA47-A7273CA466CD}
	EndGlobalSection
EndGlobal
